version = 1
requires-python = ">=3.9, <3.11"
resolution-markers = [
    "python_full_version >= '3.10'",
    "python_full_version >= '3.9.17' and python_full_version < '3.10'",
    "python_full_version < '3.9.17'",
]

[[package]]
name = "chardet"
version = "5.2.0"
source = { registry = "https://pypi.org/simple" }
sdist = { url = "https://files.pythonhosted.org/packages/f3/0d/f7b6ab21ec75897ed80c17d79b15951a719226b9fababf1e40ea74d69079/chardet-5.2.0.tar.gz", hash = "sha256:1b3b6ff479a8c414bc3fa2c0852995695c4a026dcd6d0633b2dd092ca39c1cf7", size = 2069618 }
wheels = [
    { url = "https://files.pythonhosted.org/packages/38/6f/f5fbc992a329ee4e0f288c1fe0e2ad9485ed064cac731ed2fe47dcc38cbf/chardet-5.2.0-py3-none-any.whl", hash = "sha256:e1cf59446890a00105fe7b7912492ea04b6e6f06d4b742b2c788469e34c82970", size = 199385 },
]

[[package]]
name = "click"
version = "8.1.8"
source = { registry = "https://pypi.org/simple" }
resolution-markers = [
    "python_full_version >= '3.9.17' and python_full_version < '3.10'",
    "python_full_version < '3.9.17'",
]
dependencies = [
    { name = "colorama", marker = "python_full_version < '3.10' and sys_platform == 'win32'" },
]
sdist = { url = "https://files.pythonhosted.org/packages/b9/2e/0090cbf739cee7d23781ad4b89a9894a41538e4fcf4c31dcdd705b78eb8b/click-8.1.8.tar.gz", hash = "sha256:ed53c9d8990d83c2a27deae68e4ee337473f6330c040a31d4225c9574d16096a", size = 226593 }
wheels = [
    { url = "https://files.pythonhosted.org/packages/7e/d4/7ebdbd03970677812aac39c869717059dbb71a4cfc033ca6e5221787892c/click-8.1.8-py3-none-any.whl", hash = "sha256:63c132bbbed01578a06712a2d1f497bb62d9c1c0d329b7903a866228027263b2", size = 98188 },
]

[[package]]
name = "click"
version = "8.2.0"
source = { registry = "https://pypi.org/simple" }
resolution-markers = [
    "python_full_version >= '3.10'",
]
dependencies = [
    { name = "colorama", marker = "python_full_version >= '3.10' and sys_platform == 'win32'" },
]
sdist = { url = "https://files.pythonhosted.org/packages/cd/0f/62ca20172d4f87d93cf89665fbaedcd560ac48b465bd1d92bfc7ea6b0a41/click-8.2.0.tar.gz", hash = "sha256:f5452aeddd9988eefa20f90f05ab66f17fce1ee2a36907fd30b05bbb5953814d", size = 235857 }
wheels = [
    { url = "https://files.pythonhosted.org/packages/a2/58/1f37bf81e3c689cc74ffa42102fa8915b59085f54a6e4a80bc6265c0f6bf/click-8.2.0-py3-none-any.whl", hash = "sha256:6b303f0b2aa85f1cb4e5303078fadcbcd4e476f114fab9b5007005711839325c", size = 102156 },
]

[[package]]
name = "colorama"
version = "0.4.6"
source = { registry = "https://pypi.org/simple" }
sdist = { url = "https://files.pythonhosted.org/packages/d8/53/6f443c9a4a8358a93a6792e2acffb9d9d5cb0a5cfd8802644b7b1c9a02e4/colorama-0.4.6.tar.gz", hash = "sha256:08695f5cb7ed6e0531a20572697297273c47b8cae5a63ffc6d6ed5c201be6e44", size = 27697 }
wheels = [
    { url = "https://files.pythonhosted.org/packages/d1/d6/3965ed04c63042e047cb6a3e6ed1a63a35087b6a609aa3a15ed8ac56c221/colorama-0.4.6-py2.py3-none-any.whl", hash = "sha256:4f1d9991f5acc0ca119f9d443620b77f9d6b33703e51011c16baf57afb285fc6", size = 25335 },
]

[[package]]
name = "diff-cover"
version = "9.2.0"
source = { registry = "https://pypi.org/simple" }
resolution-markers = [
    "python_full_version < '3.9.17'",
]
dependencies = [
    { name = "chardet", marker = "python_full_version < '3.9.17'" },
    { name = "jinja2", marker = "python_full_version < '3.9.17'" },
    { name = "pluggy", marker = "python_full_version < '3.9.17'" },
    { name = "pygments", marker = "python_full_version < '3.9.17'" },
]
sdist = { url = "https://files.pythonhosted.org/packages/44/3a/e49ccba052a4dda264fbad4f467739ecc63498f7223bfc03d4bfac23ea95/diff_cover-9.2.0.tar.gz", hash = "sha256:85a0b353ebbb678f9e87ea303f75b545bd0baca38f563219bb72f2ae862bba36", size = 94857 }
wheels = [
    { url = "https://files.pythonhosted.org/packages/b4/8a/bddb8e4aea550066559144e72d3566e9ae2f757b8ac154e769c563f48177/diff_cover-9.2.0-py3-none-any.whl", hash = "sha256:1e24edc51c39e810c47dd9986e76c333ed95859655c091f572e590c39cabbdbe", size = 52561 },
]

[[package]]
name = "diff-cover"
version = "9.2.4"
source = { registry = "https://pypi.org/simple" }
resolution-markers = [
    "python_full_version >= '3.10'",
    "python_full_version >= '3.9.17' and python_full_version < '3.10'",
]
dependencies = [
    { name = "chardet", marker = "python_full_version >= '3.9.17'" },
    { name = "jinja2", marker = "python_full_version >= '3.9.17'" },
    { name = "pluggy", marker = "python_full_version >= '3.9.17'" },
    { name = "pygments", marker = "python_full_version >= '3.9.17'" },
]
sdist = { url = "https://files.pythonhosted.org/packages/3f/a8/20e11859ee291893ef9711ca868d277b66cdf886278e73abdb72b172cc5f/diff_cover-9.2.4.tar.gz", hash = "sha256:6ea44711f09199a1b8bcaa2eae002e1f337dd22f2d798fcfd62a6a1554bb2a86", size = 91359 }
wheels = [
    { url = "https://files.pythonhosted.org/packages/75/86/45de73eea30a789350ec91a83cdd525a68ac1ed294ae1a24e7de984e971d/diff_cover-9.2.4-py3-none-any.whl", hash = "sha256:c68b34e368b13888cb04a14aeb509821aab594c171a621e8bd3248435c9dd0c9", size = 53185 },
]

[[package]]
name = "exceptiongroup"
version = "1.3.0"
source = { registry = "https://pypi.org/simple" }
dependencies = [
    { name = "typing-extensions" },
]
sdist = { url = "https://files.pythonhosted.org/packages/0b/9f/a65090624ecf468cdca03533906e7c69ed7588582240cfe7cc9e770b50eb/exceptiongroup-1.3.0.tar.gz", hash = "sha256:b241f5885f560bc56a59ee63ca4c6a8bfa46ae4ad651af316d4e81817bb9fd88", size = 29749 }
wheels = [
    { url = "https://files.pythonhosted.org/packages/36/f4/c6e662dade71f56cd2f3735141b265c3c79293c109549c1e6933b0651ffc/exceptiongroup-1.3.0-py3-none-any.whl", hash = "sha256:4d111e6e0c13d0644cad6ddaa7ed0261a0b36971f6d23e7ec9b4b9097da78a10", size = 16674 },
]

[[package]]
name = "iniconfig"
version = "2.1.0"
source = { registry = "https://pypi.org/simple" }
sdist = { url = "https://files.pythonhosted.org/packages/f2/97/ebf4da567aa6827c909642694d71c9fcf53e5b504f2d96afea02718862f3/iniconfig-2.1.0.tar.gz", hash = "sha256:3abbd2e30b36733fee78f9c7f7308f2d0050e88f0087fd25c2645f63c773e1c7", size = 4793 }
wheels = [
    { url = "https://files.pythonhosted.org/packages/2c/e1/e6716421ea10d38022b952c159d5161ca1193197fb744506875fbb87ea7b/iniconfig-2.1.0-py3-none-any.whl", hash = "sha256:9deba5723312380e77435581c6bf4935c94cbfab9b1ed33ef8d238ea168eb760", size = 6050 },
]

[[package]]
name = "jinja2"
version = "3.1.6"
source = { registry = "https://pypi.org/simple" }
dependencies = [
    { name = "markupsafe" },
]
sdist = { url = "https://files.pythonhosted.org/packages/df/bf/f7da0350254c0ed7c72f3e33cef02e048281fec7ecec5f032d4aac52226b/jinja2-3.1.6.tar.gz", hash = "sha256:0137fb05990d35f1275a587e9aee6d56da821fc83491a0fb838183be43f66d6d", size = 245115 }
wheels = [
    { url = "https://files.pythonhosted.org/packages/62/a1/3d680cbfd5f4b8f15abc1d571870c5fc3e594bb582bc3b64ea099db13e56/jinja2-3.1.6-py3-none-any.whl", hash = "sha256:85ece4451f492d0c13c5dd7c13a64681a86afae63a5f347908daf103ce6d2f67", size = 134899 },
]

[[package]]
name = "lxml"
version = "5.4.0"
source = { registry = "https://pypi.org/simple" }
sdist = { url = "https://files.pythonhosted.org/packages/76/3d/14e82fc7c8fb1b7761f7e748fd47e2ec8276d137b6acfe5a4bb73853e08f/lxml-5.4.0.tar.gz", hash = "sha256:d12832e1dbea4be280b22fd0ea7c9b87f0d8fc51ba06e92dc62d52f804f78ebd", size = 3679479 }
wheels = [
    { url = "https://files.pythonhosted.org/packages/f5/1f/a3b6b74a451ceb84b471caa75c934d2430a4d84395d38ef201d539f38cd1/lxml-5.4.0-cp310-cp310-macosx_10_9_universal2.whl", hash = "sha256:e7bc6df34d42322c5289e37e9971d6ed114e3776b45fa879f734bded9d1fea9c", size = 8076838 },
    { url = "https://files.pythonhosted.org/packages/36/af/a567a55b3e47135b4d1f05a1118c24529104c003f95851374b3748139dc1/lxml-5.4.0-cp310-cp310-macosx_10_9_x86_64.whl", hash = "sha256:6854f8bd8a1536f8a1d9a3655e6354faa6406621cf857dc27b681b69860645c7", size = 4381827 },
    { url = "https://files.pythonhosted.org/packages/50/ba/4ee47d24c675932b3eb5b6de77d0f623c2db6dc466e7a1f199792c5e3e3a/lxml-5.4.0-cp310-cp310-manylinux_2_12_i686.manylinux2010_i686.manylinux_2_17_i686.manylinux2014_i686.whl", hash = "sha256:696ea9e87442467819ac22394ca36cb3d01848dad1be6fac3fb612d3bd5a12cf", size = 5204098 },
    { url = "https://files.pythonhosted.org/packages/f2/0f/b4db6dfebfefe3abafe360f42a3d471881687fd449a0b86b70f1f2683438/lxml-5.4.0-cp310-cp310-manylinux_2_17_aarch64.manylinux2014_aarch64.whl", hash = "sha256:6ef80aeac414f33c24b3815ecd560cee272786c3adfa5f31316d8b349bfade28", size = 4930261 },
    { url = "https://files.pythonhosted.org/packages/0b/1f/0bb1bae1ce056910f8db81c6aba80fec0e46c98d77c0f59298c70cd362a3/lxml-5.4.0-cp310-cp310-manylinux_2_17_ppc64le.manylinux2014_ppc64le.whl", hash = "sha256:3b9c2754cef6963f3408ab381ea55f47dabc6f78f4b8ebb0f0b25cf1ac1f7609", size = 5529621 },
    { url = "https://files.pythonhosted.org/packages/21/f5/e7b66a533fc4a1e7fa63dd22a1ab2ec4d10319b909211181e1ab3e539295/lxml-5.4.0-cp310-cp310-manylinux_2_17_s390x.manylinux2014_s390x.whl", hash = "sha256:7a62cc23d754bb449d63ff35334acc9f5c02e6dae830d78dab4dd12b78a524f4", size = 4983231 },
    { url = "https://files.pythonhosted.org/packages/11/39/a38244b669c2d95a6a101a84d3c85ba921fea827e9e5483e93168bf1ccb2/lxml-5.4.0-cp310-cp310-manylinux_2_17_x86_64.manylinux2014_x86_64.whl", hash = "sha256:8f82125bc7203c5ae8633a7d5d20bcfdff0ba33e436e4ab0abc026a53a8960b7", size = 5084279 },
    { url = "https://files.pythonhosted.org/packages/db/64/48cac242347a09a07740d6cee7b7fd4663d5c1abd65f2e3c60420e231b27/lxml-5.4.0-cp310-cp310-manylinux_2_28_aarch64.whl", hash = "sha256:b67319b4aef1a6c56576ff544b67a2a6fbd7eaee485b241cabf53115e8908b8f", size = 4927405 },
    { url = "https://files.pythonhosted.org/packages/98/89/97442835fbb01d80b72374f9594fe44f01817d203fa056e9906128a5d896/lxml-5.4.0-cp310-cp310-manylinux_2_28_ppc64le.whl", hash = "sha256:a8ef956fce64c8551221f395ba21d0724fed6b9b6242ca4f2f7beb4ce2f41997", size = 5550169 },
    { url = "https://files.pythonhosted.org/packages/f1/97/164ca398ee654eb21f29c6b582685c6c6b9d62d5213abc9b8380278e9c0a/lxml-5.4.0-cp310-cp310-manylinux_2_28_s390x.whl", hash = "sha256:0a01ce7d8479dce84fc03324e3b0c9c90b1ece9a9bb6a1b6c9025e7e4520e78c", size = 5062691 },
    { url = "https://files.pythonhosted.org/packages/d0/bc/712b96823d7feb53482d2e4f59c090fb18ec7b0d0b476f353b3085893cda/lxml-5.4.0-cp310-cp310-manylinux_2_28_x86_64.whl", hash = "sha256:91505d3ddebf268bb1588eb0f63821f738d20e1e7f05d3c647a5ca900288760b", size = 5133503 },
    { url = "https://files.pythonhosted.org/packages/d4/55/a62a39e8f9da2a8b6002603475e3c57c870cd9c95fd4b94d4d9ac9036055/lxml-5.4.0-cp310-cp310-musllinux_1_2_aarch64.whl", hash = "sha256:a3bcdde35d82ff385f4ede021df801b5c4a5bcdfb61ea87caabcebfc4945dc1b", size = 4999346 },
    { url = "https://files.pythonhosted.org/packages/ea/47/a393728ae001b92bb1a9e095e570bf71ec7f7fbae7688a4792222e56e5b9/lxml-5.4.0-cp310-cp310-musllinux_1_2_ppc64le.whl", hash = "sha256:aea7c06667b987787c7d1f5e1dfcd70419b711cdb47d6b4bb4ad4b76777a0563", size = 5627139 },
    { url = "https://files.pythonhosted.org/packages/5e/5f/9dcaaad037c3e642a7ea64b479aa082968de46dd67a8293c541742b6c9db/lxml-5.4.0-cp310-cp310-musllinux_1_2_s390x.whl", hash = "sha256:a7fb111eef4d05909b82152721a59c1b14d0f365e2be4c742a473c5d7372f4f5", size = 5465609 },
    { url = "https://files.pythonhosted.org/packages/a7/0a/ebcae89edf27e61c45023005171d0ba95cb414ee41c045ae4caf1b8487fd/lxml-5.4.0-cp310-cp310-musllinux_1_2_x86_64.whl", hash = "sha256:43d549b876ce64aa18b2328faff70f5877f8c6dede415f80a2f799d31644d776", size = 5192285 },
    { url = "https://files.pythonhosted.org/packages/42/ad/cc8140ca99add7d85c92db8b2354638ed6d5cc0e917b21d36039cb15a238/lxml-5.4.0-cp310-cp310-win32.whl", hash = "sha256:75133890e40d229d6c5837b0312abbe5bac1c342452cf0e12523477cd3aa21e7", size = 3477507 },
    { url = "https://files.pythonhosted.org/packages/e9/39/597ce090da1097d2aabd2f9ef42187a6c9c8546d67c419ce61b88b336c85/lxml-5.4.0-cp310-cp310-win_amd64.whl", hash = "sha256:de5b4e1088523e2b6f730d0509a9a813355b7f5659d70eb4f319c76beea2e250", size = 3805104 },
    { url = "https://files.pythonhosted.org/packages/1e/04/acd238222ea25683e43ac7113facc380b3aaf77c53e7d88c4f544cef02ca/lxml-5.4.0-cp39-cp39-macosx_10_9_universal2.whl", hash = "sha256:bda3ea44c39eb74e2488297bb39d47186ed01342f0022c8ff407c250ac3f498e", size = 8082189 },
    { url = "https://files.pythonhosted.org/packages/d6/4e/cc7fe9ccb9999cc648492ce970b63c657606aefc7d0fba46b17aa2ba93fb/lxml-5.4.0-cp39-cp39-macosx_10_9_x86_64.whl", hash = "sha256:9ceaf423b50ecfc23ca00b7f50b64baba85fb3fb91c53e2c9d00bc86150c7e40", size = 4384950 },
    { url = "https://files.pythonhosted.org/packages/56/bf/acd219c489346d0243a30769b9d446b71e5608581db49a18c8d91a669e19/lxml-5.4.0-cp39-cp39-manylinux_2_12_i686.manylinux2010_i686.manylinux_2_17_i686.manylinux2014_i686.whl", hash = "sha256:664cdc733bc87449fe781dbb1f309090966c11cc0c0cd7b84af956a02a8a4729", size = 5209823 },
    { url = "https://files.pythonhosted.org/packages/57/51/ec31cd33175c09aa7b93d101f56eed43d89e15504455d884d021df7166a7/lxml-5.4.0-cp39-cp39-manylinux_2_17_aarch64.manylinux2014_aarch64.whl", hash = "sha256:67ed8a40665b84d161bae3181aa2763beea3747f748bca5874b4af4d75998f87", size = 4931808 },
    { url = "https://files.pythonhosted.org/packages/e5/68/865d229f191514da1777125598d028dc88a5ea300d68c30e1f120bfd01bd/lxml-5.4.0-cp39-cp39-manylinux_2_17_x86_64.manylinux2014_x86_64.whl", hash = "sha256:9b4a3bd174cc9cdaa1afbc4620c049038b441d6ba07629d89a83b408e54c35cd", size = 5086067 },
    { url = "https://files.pythonhosted.org/packages/82/01/4c958c5848b4e263cd9e83dff6b49f975a5a0854feb1070dfe0bdcdf70a0/lxml-5.4.0-cp39-cp39-manylinux_2_28_aarch64.whl", hash = "sha256:b0989737a3ba6cf2a16efb857fb0dfa20bc5c542737fddb6d893fde48be45433", size = 4929026 },
    { url = "https://files.pythonhosted.org/packages/55/31/5327d8af74d7f35e645b40ae6658761e1fee59ebecaa6a8d295e495c2ca9/lxml-5.4.0-cp39-cp39-manylinux_2_28_x86_64.whl", hash = "sha256:dc0af80267edc68adf85f2a5d9be1cdf062f973db6790c1d065e45025fa26140", size = 5134245 },
    { url = "https://files.pythonhosted.org/packages/6f/c9/204eba2400beb0016dacc2c5335ecb1e37f397796683ffdb7f471e86bddb/lxml-5.4.0-cp39-cp39-musllinux_1_2_aarch64.whl", hash = "sha256:639978bccb04c42677db43c79bdaa23785dc7f9b83bfd87570da8207872f1ce5", size = 5001020 },
    { url = "https://files.pythonhosted.org/packages/07/53/979165f50a853dab1cf3b9e53105032d55f85c5993f94afc4d9a61a22877/lxml-5.4.0-cp39-cp39-musllinux_1_2_x86_64.whl", hash = "sha256:5a99d86351f9c15e4a901fc56404b485b1462039db59288b203f8c629260a142", size = 5192346 },
    { url = "https://files.pythonhosted.org/packages/17/2b/f37b5ae28949143f863ba3066b30eede6107fc9a503bd0d01677d4e2a1e0/lxml-5.4.0-cp39-cp39-win32.whl", hash = "sha256:3e6d5557989cdc3ebb5302bbdc42b439733a841891762ded9514e74f60319ad6", size = 3478275 },
    { url = "https://files.pythonhosted.org/packages/9a/d5/b795a183680126147665a8eeda8e802c180f2f7661aa9a550bba5bcdae63/lxml-5.4.0-cp39-cp39-win_amd64.whl", hash = "sha256:a8c9b7f16b63e65bbba889acb436a1034a82d34fa09752d754f88d708eca80e1", size = 3806275 },
    { url = "https://files.pythonhosted.org/packages/c6/b0/e4d1cbb8c078bc4ae44de9c6a79fec4e2b4151b1b4d50af71d799e76b177/lxml-5.4.0-pp310-pypy310_pp73-macosx_10_15_x86_64.whl", hash = "sha256:1b717b00a71b901b4667226bba282dd462c42ccf618ade12f9ba3674e1fabc55", size = 3892319 },
    { url = "https://files.pythonhosted.org/packages/5b/aa/e2bdefba40d815059bcb60b371a36fbfcce970a935370e1b367ba1cc8f74/lxml-5.4.0-pp310-pypy310_pp73-manylinux_2_17_aarch64.manylinux2014_aarch64.whl", hash = "sha256:27a9ded0f0b52098ff89dd4c418325b987feed2ea5cc86e8860b0f844285d740", size = 4211614 },
    { url = "https://files.pythonhosted.org/packages/3c/5f/91ff89d1e092e7cfdd8453a939436ac116db0a665e7f4be0cd8e65c7dc5a/lxml-5.4.0-pp310-pypy310_pp73-manylinux_2_17_x86_64.manylinux2014_x86_64.whl", hash = "sha256:4b7ce10634113651d6f383aa712a194179dcd496bd8c41e191cec2099fa09de5", size = 4306273 },
    { url = "https://files.pythonhosted.org/packages/be/7c/8c3f15df2ca534589717bfd19d1e3482167801caedfa4d90a575facf68a6/lxml-5.4.0-pp310-pypy310_pp73-manylinux_2_28_aarch64.whl", hash = "sha256:53370c26500d22b45182f98847243efb518d268374a9570409d2e2276232fd37", size = 4208552 },
    { url = "https://files.pythonhosted.org/packages/7d/d8/9567afb1665f64d73fc54eb904e418d1138d7f011ed00647121b4dd60b38/lxml-5.4.0-pp310-pypy310_pp73-manylinux_2_28_x86_64.whl", hash = "sha256:c6364038c519dffdbe07e3cf42e6a7f8b90c275d4d1617a69bb59734c1a2d571", size = 4331091 },
    { url = "https://files.pythonhosted.org/packages/f1/ab/fdbbd91d8d82bf1a723ba88ec3e3d76c022b53c391b0c13cad441cdb8f9e/lxml-5.4.0-pp310-pypy310_pp73-win_amd64.whl", hash = "sha256:b12cb6527599808ada9eb2cd6e0e7d3d8f13fe7bbb01c6311255a15ded4c7ab4", size = 3487862 },
    { url = "https://files.pythonhosted.org/packages/ad/fb/d19b67e4bb63adc20574ba3476cf763b3514df1a37551084b890254e4b15/lxml-5.4.0-pp39-pypy39_pp73-macosx_10_15_x86_64.whl", hash = "sha256:9459e6892f59ecea2e2584ee1058f5d8f629446eab52ba2305ae13a32a059530", size = 3891034 },
    { url = "https://files.pythonhosted.org/packages/c9/5d/6e1033ee0cdb2f9bc93164f9df14e42cb5bbf1bbed3bf67f687de2763104/lxml-5.4.0-pp39-pypy39_pp73-manylinux_2_17_aarch64.manylinux2014_aarch64.whl", hash = "sha256:47fb24cc0f052f0576ea382872b3fc7e1f7e3028e53299ea751839418ade92a6", size = 4207420 },
    { url = "https://files.pythonhosted.org/packages/f3/4b/23ac79efc32d913259d66672c5f93daac7750a3d97cdc1c1a9a5d1c1b46c/lxml-5.4.0-pp39-pypy39_pp73-manylinux_2_17_x86_64.manylinux2014_x86_64.whl", hash = "sha256:50441c9de951a153c698b9b99992e806b71c1f36d14b154592580ff4a9d0d877", size = 4305106 },
    { url = "https://files.pythonhosted.org/packages/a4/7a/fe558bee63a62f7a75a52111c0a94556c1c1bdcf558cd7d52861de558759/lxml-5.4.0-pp39-pypy39_pp73-manylinux_2_28_aarch64.whl", hash = "sha256:ab339536aa798b1e17750733663d272038bf28069761d5be57cb4a9b0137b4f8", size = 4205587 },
    { url = "https://files.pythonhosted.org/packages/ed/5b/3207e6bd8d67c952acfec6bac9d1fa0ee353202e7c40b335ebe00879ab7d/lxml-5.4.0-pp39-pypy39_pp73-manylinux_2_28_x86_64.whl", hash = "sha256:9776af1aad5a4b4a1317242ee2bea51da54b2a7b7b48674be736d463c999f37d", size = 4329077 },
    { url = "https://files.pythonhosted.org/packages/a1/25/d381abcfd00102d3304aa191caab62f6e3bcbac93ee248771db6be153dfd/lxml-5.4.0-pp39-pypy39_pp73-win_amd64.whl", hash = "sha256:63e7968ff83da2eb6fdda967483a7a023aa497d85ad8f05c3ad9b1f2e8c84987", size = 3486416 },
]

[[package]]
name = "markupsafe"
version = "3.0.2"
source = { registry = "https://pypi.org/simple" }
sdist = { url = "https://files.pythonhosted.org/packages/b2/97/5d42485e71dfc078108a86d6de8fa46db44a1a9295e89c5d6d4a06e23a62/markupsafe-3.0.2.tar.gz", hash = "sha256:ee55d3edf80167e48ea11a923c7386f4669df67d7994554387f84e7d8b0a2bf0", size = 20537 }
wheels = [
    { url = "https://files.pythonhosted.org/packages/04/90/d08277ce111dd22f77149fd1a5d4653eeb3b3eaacbdfcbae5afb2600eebd/MarkupSafe-3.0.2-cp310-cp310-macosx_10_9_universal2.whl", hash = "sha256:7e94c425039cde14257288fd61dcfb01963e658efbc0ff54f5306b06054700f8", size = 14357 },
    { url = "https://files.pythonhosted.org/packages/04/e1/6e2194baeae0bca1fae6629dc0cbbb968d4d941469cbab11a3872edff374/MarkupSafe-3.0.2-cp310-cp310-macosx_11_0_arm64.whl", hash = "sha256:9e2d922824181480953426608b81967de705c3cef4d1af983af849d7bd619158", size = 12393 },
    { url = "https://files.pythonhosted.org/packages/1d/69/35fa85a8ece0a437493dc61ce0bb6d459dcba482c34197e3efc829aa357f/MarkupSafe-3.0.2-cp310-cp310-manylinux_2_17_aarch64.manylinux2014_aarch64.whl", hash = "sha256:38a9ef736c01fccdd6600705b09dc574584b89bea478200c5fbf112a6b0d5579", size = 21732 },
    { url = "https://files.pythonhosted.org/packages/22/35/137da042dfb4720b638d2937c38a9c2df83fe32d20e8c8f3185dbfef05f7/MarkupSafe-3.0.2-cp310-cp310-manylinux_2_17_x86_64.manylinux2014_x86_64.whl", hash = "sha256:bbcb445fa71794da8f178f0f6d66789a28d7319071af7a496d4d507ed566270d", size = 20866 },
    { url = "https://files.pythonhosted.org/packages/29/28/6d029a903727a1b62edb51863232152fd335d602def598dade38996887f0/MarkupSafe-3.0.2-cp310-cp310-manylinux_2_5_i686.manylinux1_i686.manylinux_2_17_i686.manylinux2014_i686.whl", hash = "sha256:57cb5a3cf367aeb1d316576250f65edec5bb3be939e9247ae594b4bcbc317dfb", size = 20964 },
    { url = "https://files.pythonhosted.org/packages/cc/cd/07438f95f83e8bc028279909d9c9bd39e24149b0d60053a97b2bc4f8aa51/MarkupSafe-3.0.2-cp310-cp310-musllinux_1_2_aarch64.whl", hash = "sha256:3809ede931876f5b2ec92eef964286840ed3540dadf803dd570c3b7e13141a3b", size = 21977 },
    { url = "https://files.pythonhosted.org/packages/29/01/84b57395b4cc062f9c4c55ce0df7d3108ca32397299d9df00fedd9117d3d/MarkupSafe-3.0.2-cp310-cp310-musllinux_1_2_i686.whl", hash = "sha256:e07c3764494e3776c602c1e78e298937c3315ccc9043ead7e685b7f2b8d47b3c", size = 21366 },
    { url = "https://files.pythonhosted.org/packages/bd/6e/61ebf08d8940553afff20d1fb1ba7294b6f8d279df9fd0c0db911b4bbcfd/MarkupSafe-3.0.2-cp310-cp310-musllinux_1_2_x86_64.whl", hash = "sha256:b424c77b206d63d500bcb69fa55ed8d0e6a3774056bdc4839fc9298a7edca171", size = 21091 },
    { url = "https://files.pythonhosted.org/packages/11/23/ffbf53694e8c94ebd1e7e491de185124277964344733c45481f32ede2499/MarkupSafe-3.0.2-cp310-cp310-win32.whl", hash = "sha256:fcabf5ff6eea076f859677f5f0b6b5c1a51e70a376b0579e0eadef8db48c6b50", size = 15065 },
    { url = "https://files.pythonhosted.org/packages/44/06/e7175d06dd6e9172d4a69a72592cb3f7a996a9c396eee29082826449bbc3/MarkupSafe-3.0.2-cp310-cp310-win_amd64.whl", hash = "sha256:6af100e168aa82a50e186c82875a5893c5597a0c1ccdb0d8b40240b1f28b969a", size = 15514 },
    { url = "https://files.pythonhosted.org/packages/a7/ea/9b1530c3fdeeca613faeb0fb5cbcf2389d816072fab72a71b45749ef6062/MarkupSafe-3.0.2-cp39-cp39-macosx_10_9_universal2.whl", hash = "sha256:eaa0a10b7f72326f1372a713e73c3f739b524b3af41feb43e4921cb529f5929a", size = 14344 },
    { url = "https://files.pythonhosted.org/packages/4b/c2/fbdbfe48848e7112ab05e627e718e854d20192b674952d9042ebd8c9e5de/MarkupSafe-3.0.2-cp39-cp39-macosx_11_0_arm64.whl", hash = "sha256:48032821bbdf20f5799ff537c7ac3d1fba0ba032cfc06194faffa8cda8b560ff", size = 12389 },
    { url = "https://files.pythonhosted.org/packages/f0/25/7a7c6e4dbd4f867d95d94ca15449e91e52856f6ed1905d58ef1de5e211d0/MarkupSafe-3.0.2-cp39-cp39-manylinux_2_17_aarch64.manylinux2014_aarch64.whl", hash = "sha256:1a9d3f5f0901fdec14d8d2f66ef7d035f2157240a433441719ac9a3fba440b13", size = 21607 },
    { url = "https://files.pythonhosted.org/packages/53/8f/f339c98a178f3c1e545622206b40986a4c3307fe39f70ccd3d9df9a9e425/MarkupSafe-3.0.2-cp39-cp39-manylinux_2_17_x86_64.manylinux2014_x86_64.whl", hash = "sha256:88b49a3b9ff31e19998750c38e030fc7bb937398b1f78cfa599aaef92d693144", size = 20728 },
    { url = "https://files.pythonhosted.org/packages/1a/03/8496a1a78308456dbd50b23a385c69b41f2e9661c67ea1329849a598a8f9/MarkupSafe-3.0.2-cp39-cp39-manylinux_2_5_i686.manylinux1_i686.manylinux_2_17_i686.manylinux2014_i686.whl", hash = "sha256:cfad01eed2c2e0c01fd0ecd2ef42c492f7f93902e39a42fc9ee1692961443a29", size = 20826 },
    { url = "https://files.pythonhosted.org/packages/e6/cf/0a490a4bd363048c3022f2f475c8c05582179bb179defcee4766fb3dcc18/MarkupSafe-3.0.2-cp39-cp39-musllinux_1_2_aarch64.whl", hash = "sha256:1225beacc926f536dc82e45f8a4d68502949dc67eea90eab715dea3a21c1b5f0", size = 21843 },
    { url = "https://files.pythonhosted.org/packages/19/a3/34187a78613920dfd3cdf68ef6ce5e99c4f3417f035694074beb8848cd77/MarkupSafe-3.0.2-cp39-cp39-musllinux_1_2_i686.whl", hash = "sha256:3169b1eefae027567d1ce6ee7cae382c57fe26e82775f460f0b2778beaad66c0", size = 21219 },
    { url = "https://files.pythonhosted.org/packages/17/d8/5811082f85bb88410ad7e452263af048d685669bbbfb7b595e8689152498/MarkupSafe-3.0.2-cp39-cp39-musllinux_1_2_x86_64.whl", hash = "sha256:eb7972a85c54febfb25b5c4b4f3af4dcc731994c7da0d8a0b4a6eb0640e1d178", size = 20946 },
    { url = "https://files.pythonhosted.org/packages/7c/31/bd635fb5989440d9365c5e3c47556cfea121c7803f5034ac843e8f37c2f2/MarkupSafe-3.0.2-cp39-cp39-win32.whl", hash = "sha256:8c4e8c3ce11e1f92f6536ff07154f9d49677ebaaafc32db9db4620bc11ed480f", size = 15063 },
    { url = "https://files.pythonhosted.org/packages/b3/73/085399401383ce949f727afec55ec3abd76648d04b9f22e1c0e99cb4bec3/MarkupSafe-3.0.2-cp39-cp39-win_amd64.whl", hash = "sha256:6e296a513ca3d94054c2c881cc913116e90fd030ad1c656b3869762b754f5f8a", size = 15506 },
]

[[package]]
name = "packaging"
version = "25.0"
source = { registry = "https://pypi.org/simple" }
sdist = { url = "https://files.pythonhosted.org/packages/a1/d4/1fc4078c65507b51b96ca8f8c3ba19e6a61c8253c72794544580a7b6c24d/packaging-25.0.tar.gz", hash = "sha256:d443872c98d677bf60f6a1f2f8c1cb748e8fe762d2bf9d3148b5599295b0fc4f", size = 165727 }
wheels = [
    { url = "https://files.pythonhosted.org/packages/20/12/38679034af332785aac8774540895e234f4d07f7545804097de4b666afd8/packaging-25.0-py3-none-any.whl", hash = "sha256:29572ef2b1f17581046b3a2227d5c611fb25ec70ca1ba8554b24b0e69331a484", size = 66469 },
]

[[package]]
name = "pathspec"
version = "0.12.1"
source = { registry = "https://pypi.org/simple" }
sdist = { url = "https://files.pythonhosted.org/packages/ca/bc/f35b8446f4531a7cb215605d100cd88b7ac6f44ab3fc94870c120ab3adbf/pathspec-0.12.1.tar.gz", hash = "sha256:a482d51503a1ab33b1c67a6c3813a26953dbdc71c31dacaef9a838c4e29f5712", size = 51043 }
wheels = [
    { url = "https://files.pythonhosted.org/packages/cc/20/ff623b09d963f88bfde16306a54e12ee5ea43e9b597108672ff3a408aad6/pathspec-0.12.1-py3-none-any.whl", hash = "sha256:a0d503e138a4c123b27490a4f7beda6a01c6f288df0e4a8b79c7eb0dc7b4cc08", size = 31191 },
]

[[package]]
name = "platformdirs"
version = "4.3.8"
source = { registry = "https://pypi.org/simple" }
sdist = { url = "https://files.pythonhosted.org/packages/fe/8b/3c73abc9c759ecd3f1f7ceff6685840859e8070c4d947c93fae71f6a0bf2/platformdirs-4.3.8.tar.gz", hash = "sha256:3d512d96e16bcb959a814c9f348431070822a6496326a4be0911c40b5a74c2bc", size = 21362 }
wheels = [
    { url = "https://files.pythonhosted.org/packages/fe/39/979e8e21520d4e47a0bbe349e2713c0aac6f3d853d0e5b34d76206c439aa/platformdirs-4.3.8-py3-none-any.whl", hash = "sha256:ff7059bb7eb1179e2685604f4aaf157cfd9535242bd23742eadc3c13542139b4", size = 18567 },
]

[[package]]
name = "pluggy"
version = "1.6.0"
source = { registry = "https://pypi.org/simple" }
sdist = { url = "https://files.pythonhosted.org/packages/f9/e2/3e91f31a7d2b083fe6ef3fa267035b518369d9511ffab804f839851d2779/pluggy-1.6.0.tar.gz", hash = "sha256:7dcc130b76258d33b90f61b658791dede3486c3e6bfb003ee5c9bfb396dd22f3", size = 69412 }
wheels = [
    { url = "https://files.pythonhosted.org/packages/54/20/4d324d65cc6d9205fabedc306948156824eb9f0ee1633355a8f7ec5c66bf/pluggy-1.6.0-py3-none-any.whl", hash = "sha256:e920276dd6813095e9377c0bc5566d94c932c33b27a3e3945d8389c374dd4746", size = 20538 },
]

[[package]]
name = "pygments"
version = "2.19.1"
source = { registry = "https://pypi.org/simple" }
sdist = { url = "https://files.pythonhosted.org/packages/7c/2d/c3338d48ea6cc0feb8446d8e6937e1408088a72a39937982cc6111d17f84/pygments-2.19.1.tar.gz", hash = "sha256:61c16d2a8576dc0649d9f39e089b5f02bcd27fba10d8fb4dcc28173f7a45151f", size = 4968581 }
wheels = [
    { url = "https://files.pythonhosted.org/packages/8a/0b/9fcc47d19c48b59121088dd6da2488a49d5f72dacf8262e2790a1d2c7d15/pygments-2.19.1-py3-none-any.whl", hash = "sha256:9ea1544ad55cecf4b8242fab6dd35a93bbce657034b0611ee383099054ab6d8c", size = 1225293 },
]

[[package]]
name = "pytest"
version = "8.3.5"
source = { registry = "https://pypi.org/simple" }
dependencies = [
    { name = "colorama", marker = "sys_platform == 'win32'" },
    { name = "exceptiongroup" },
    { name = "iniconfig" },
    { name = "packaging" },
    { name = "pluggy" },
    { name = "tomli" },
]
sdist = { url = "https://files.pythonhosted.org/packages/ae/3c/c9d525a414d506893f0cd8a8d0de7706446213181570cdbd766691164e40/pytest-8.3.5.tar.gz", hash = "sha256:f4efe70cc14e511565ac476b57c279e12a855b11f48f212af1080ef2263d3845", size = 1450891 }
wheels = [
    { url = "https://files.pythonhosted.org/packages/30/3d/64ad57c803f1fa1e963a7946b6e0fea4a70df53c1a7fed304586539c2bac/pytest-8.3.5-py3-none-any.whl", hash = "sha256:c69214aa47deac29fad6c2a4f590b9c4a9fdb16a403176fe154b79c0b4d4d820", size = 343634 },
]

[[package]]
name = "pyyaml"
version = "6.0.2"
source = { registry = "https://pypi.org/simple" }
sdist = { url = "https://files.pythonhosted.org/packages/54/ed/79a089b6be93607fa5cdaedf301d7dfb23af5f25c398d5ead2525b063e17/pyyaml-6.0.2.tar.gz", hash = "sha256:d584d9ec91ad65861cc08d42e834324ef890a082e591037abe114850ff7bbc3e", size = 130631 }
wheels = [
    { url = "https://files.pythonhosted.org/packages/9b/95/a3fac87cb7158e231b5a6012e438c647e1a87f09f8e0d123acec8ab8bf71/PyYAML-6.0.2-cp310-cp310-macosx_10_9_x86_64.whl", hash = "sha256:0a9a2848a5b7feac301353437eb7d5957887edbf81d56e903999a75a3d743086", size = 184199 },
    { url = "https://files.pythonhosted.org/packages/c7/7a/68bd47624dab8fd4afbfd3c48e3b79efe09098ae941de5b58abcbadff5cb/PyYAML-6.0.2-cp310-cp310-macosx_11_0_arm64.whl", hash = "sha256:29717114e51c84ddfba879543fb232a6ed60086602313ca38cce623c1d62cfbf", size = 171758 },
    { url = "https://files.pythonhosted.org/packages/49/ee/14c54df452143b9ee9f0f29074d7ca5516a36edb0b4cc40c3f280131656f/PyYAML-6.0.2-cp310-cp310-manylinux_2_17_aarch64.manylinux2014_aarch64.whl", hash = "sha256:8824b5a04a04a047e72eea5cec3bc266db09e35de6bdfe34c9436ac5ee27d237", size = 718463 },
    { url = "https://files.pythonhosted.org/packages/4d/61/de363a97476e766574650d742205be468921a7b532aa2499fcd886b62530/PyYAML-6.0.2-cp310-cp310-manylinux_2_17_s390x.manylinux2014_s390x.whl", hash = "sha256:7c36280e6fb8385e520936c3cb3b8042851904eba0e58d277dca80a5cfed590b", size = 719280 },
    { url = "https://files.pythonhosted.org/packages/6b/4e/1523cb902fd98355e2e9ea5e5eb237cbc5f3ad5f3075fa65087aa0ecb669/PyYAML-6.0.2-cp310-cp310-manylinux_2_17_x86_64.manylinux2014_x86_64.whl", hash = "sha256:ec031d5d2feb36d1d1a24380e4db6d43695f3748343d99434e6f5f9156aaa2ed", size = 751239 },
    { url = "https://files.pythonhosted.org/packages/b7/33/5504b3a9a4464893c32f118a9cc045190a91637b119a9c881da1cf6b7a72/PyYAML-6.0.2-cp310-cp310-musllinux_1_1_aarch64.whl", hash = "sha256:936d68689298c36b53b29f23c6dbb74de12b4ac12ca6cfe0e047bedceea56180", size = 695802 },
    { url = "https://files.pythonhosted.org/packages/5c/20/8347dcabd41ef3a3cdc4f7b7a2aff3d06598c8779faa189cdbf878b626a4/PyYAML-6.0.2-cp310-cp310-musllinux_1_1_x86_64.whl", hash = "sha256:23502f431948090f597378482b4812b0caae32c22213aecf3b55325e049a6c68", size = 720527 },
    { url = "https://files.pythonhosted.org/packages/be/aa/5afe99233fb360d0ff37377145a949ae258aaab831bde4792b32650a4378/PyYAML-6.0.2-cp310-cp310-win32.whl", hash = "sha256:2e99c6826ffa974fe6e27cdb5ed0021786b03fc98e5ee3c5bfe1fd5015f42b99", size = 144052 },
    { url = "https://files.pythonhosted.org/packages/b5/84/0fa4b06f6d6c958d207620fc60005e241ecedceee58931bb20138e1e5776/PyYAML-6.0.2-cp310-cp310-win_amd64.whl", hash = "sha256:a4d3091415f010369ae4ed1fc6b79def9416358877534caf6a0fdd2146c87a3e", size = 161774 },
    { url = "https://files.pythonhosted.org/packages/65/d8/b7a1db13636d7fb7d4ff431593c510c8b8fca920ade06ca8ef20015493c5/PyYAML-6.0.2-cp39-cp39-macosx_10_9_x86_64.whl", hash = "sha256:688ba32a1cffef67fd2e9398a2efebaea461578b0923624778664cc1c914db5d", size = 184777 },
    { url = "https://files.pythonhosted.org/packages/0a/02/6ec546cd45143fdf9840b2c6be8d875116a64076218b61d68e12548e5839/PyYAML-6.0.2-cp39-cp39-macosx_11_0_arm64.whl", hash = "sha256:a8786accb172bd8afb8be14490a16625cbc387036876ab6ba70912730faf8e1f", size = 172318 },
    { url = "https://files.pythonhosted.org/packages/0e/9a/8cc68be846c972bda34f6c2a93abb644fb2476f4dcc924d52175786932c9/PyYAML-6.0.2-cp39-cp39-manylinux_2_17_aarch64.manylinux2014_aarch64.whl", hash = "sha256:d8e03406cac8513435335dbab54c0d385e4a49e4945d2909a581c83647ca0290", size = 720891 },
    { url = "https://files.pythonhosted.org/packages/e9/6c/6e1b7f40181bc4805e2e07f4abc10a88ce4648e7e95ff1abe4ae4014a9b2/PyYAML-6.0.2-cp39-cp39-manylinux_2_17_s390x.manylinux2014_s390x.whl", hash = "sha256:f753120cb8181e736c57ef7636e83f31b9c0d1722c516f7e86cf15b7aa57ff12", size = 722614 },
    { url = "https://files.pythonhosted.org/packages/3d/32/e7bd8535d22ea2874cef6a81021ba019474ace0d13a4819c2a4bce79bd6a/PyYAML-6.0.2-cp39-cp39-manylinux_2_17_x86_64.manylinux2014_x86_64.whl", hash = "sha256:3b1fdb9dc17f5a7677423d508ab4f243a726dea51fa5e70992e59a7411c89d19", size = 737360 },
    { url = "https://files.pythonhosted.org/packages/d7/12/7322c1e30b9be969670b672573d45479edef72c9a0deac3bb2868f5d7469/PyYAML-6.0.2-cp39-cp39-musllinux_1_1_aarch64.whl", hash = "sha256:0b69e4ce7a131fe56b7e4d770c67429700908fc0752af059838b1cfb41960e4e", size = 699006 },
    { url = "https://files.pythonhosted.org/packages/82/72/04fcad41ca56491995076630c3ec1e834be241664c0c09a64c9a2589b507/PyYAML-6.0.2-cp39-cp39-musllinux_1_1_x86_64.whl", hash = "sha256:a9f8c2e67970f13b16084e04f134610fd1d374bf477b17ec1599185cf611d725", size = 723577 },
    { url = "https://files.pythonhosted.org/packages/ed/5e/46168b1f2757f1fcd442bc3029cd8767d88a98c9c05770d8b420948743bb/PyYAML-6.0.2-cp39-cp39-win32.whl", hash = "sha256:6395c297d42274772abc367baaa79683958044e5d3835486c16da75d2a694631", size = 144593 },
    { url = "https://files.pythonhosted.org/packages/19/87/5124b1c1f2412bb95c59ec481eaf936cd32f0fe2a7b16b97b81c4c017a6a/PyYAML-6.0.2-cp39-cp39-win_amd64.whl", hash = "sha256:39693e1f8320ae4f43943590b49779ffb98acb81f788220ea932a6b6c51004d8", size = 162312 },
]

[[package]]
name = "regex"
version = "2024.11.6"
source = { registry = "https://pypi.org/simple" }
sdist = { url = "https://files.pythonhosted.org/packages/8e/5f/bd69653fbfb76cf8604468d3b4ec4c403197144c7bfe0e6a5fc9e02a07cb/regex-2024.11.6.tar.gz", hash = "sha256:7ab159b063c52a0333c884e4679f8d7a85112ee3078fe3d9004b2dd875585519", size = 399494 }
wheels = [
    { url = "https://files.pythonhosted.org/packages/95/3c/4651f6b130c6842a8f3df82461a8950f923925db8b6961063e82744bddcc/regex-2024.11.6-cp310-cp310-macosx_10_9_universal2.whl", hash = "sha256:ff590880083d60acc0433f9c3f713c51f7ac6ebb9adf889c79a261ecf541aa91", size = 482674 },
    { url = "https://files.pythonhosted.org/packages/15/51/9f35d12da8434b489c7b7bffc205c474a0a9432a889457026e9bc06a297a/regex-2024.11.6-cp310-cp310-macosx_10_9_x86_64.whl", hash = "sha256:658f90550f38270639e83ce492f27d2c8d2cd63805c65a13a14d36ca126753f0", size = 287684 },
    { url = "https://files.pythonhosted.org/packages/bd/18/b731f5510d1b8fb63c6b6d3484bfa9a59b84cc578ac8b5172970e05ae07c/regex-2024.11.6-cp310-cp310-macosx_11_0_arm64.whl", hash = "sha256:164d8b7b3b4bcb2068b97428060b2a53be050085ef94eca7f240e7947f1b080e", size = 284589 },
    { url = "https://files.pythonhosted.org/packages/78/a2/6dd36e16341ab95e4c6073426561b9bfdeb1a9c9b63ab1b579c2e96cb105/regex-2024.11.6-cp310-cp310-manylinux_2_17_aarch64.manylinux2014_aarch64.whl", hash = "sha256:d3660c82f209655a06b587d55e723f0b813d3a7db2e32e5e7dc64ac2a9e86fde", size = 782511 },
    { url = "https://files.pythonhosted.org/packages/1b/2b/323e72d5d2fd8de0d9baa443e1ed70363ed7e7b2fb526f5950c5cb99c364/regex-2024.11.6-cp310-cp310-manylinux_2_17_ppc64le.manylinux2014_ppc64le.whl", hash = "sha256:d22326fcdef5e08c154280b71163ced384b428343ae16a5ab2b3354aed12436e", size = 821149 },
    { url = "https://files.pythonhosted.org/packages/90/30/63373b9ea468fbef8a907fd273e5c329b8c9535fee36fc8dba5fecac475d/regex-2024.11.6-cp310-cp310-manylinux_2_17_s390x.manylinux2014_s390x.whl", hash = "sha256:f1ac758ef6aebfc8943560194e9fd0fa18bcb34d89fd8bd2af18183afd8da3a2", size = 809707 },
    { url = "https://files.pythonhosted.org/packages/f2/98/26d3830875b53071f1f0ae6d547f1d98e964dd29ad35cbf94439120bb67a/regex-2024.11.6-cp310-cp310-manylinux_2_17_x86_64.manylinux2014_x86_64.whl", hash = "sha256:997d6a487ff00807ba810e0f8332c18b4eb8d29463cfb7c820dc4b6e7562d0cf", size = 781702 },
    { url = "https://files.pythonhosted.org/packages/87/55/eb2a068334274db86208ab9d5599ffa63631b9f0f67ed70ea7c82a69bbc8/regex-2024.11.6-cp310-cp310-manylinux_2_5_i686.manylinux1_i686.manylinux_2_17_i686.manylinux2014_i686.whl", hash = "sha256:02a02d2bb04fec86ad61f3ea7f49c015a0681bf76abb9857f945d26159d2968c", size = 771976 },
    { url = "https://files.pythonhosted.org/packages/74/c0/be707bcfe98254d8f9d2cff55d216e946f4ea48ad2fd8cf1428f8c5332ba/regex-2024.11.6-cp310-cp310-manylinux_2_5_x86_64.manylinux1_x86_64.manylinux_2_12_x86_64.manylinux2010_x86_64.whl", hash = "sha256:f02f93b92358ee3f78660e43b4b0091229260c5d5c408d17d60bf26b6c900e86", size = 697397 },
    { url = "https://files.pythonhosted.org/packages/49/dc/bb45572ceb49e0f6509f7596e4ba7031f6819ecb26bc7610979af5a77f45/regex-2024.11.6-cp310-cp310-musllinux_1_2_aarch64.whl", hash = "sha256:06eb1be98df10e81ebaded73fcd51989dcf534e3c753466e4b60c4697a003b67", size = 768726 },
    { url = "https://files.pythonhosted.org/packages/5a/db/f43fd75dc4c0c2d96d0881967897926942e935d700863666f3c844a72ce6/regex-2024.11.6-cp310-cp310-musllinux_1_2_i686.whl", hash = "sha256:040df6fe1a5504eb0f04f048e6d09cd7c7110fef851d7c567a6b6e09942feb7d", size = 775098 },
    { url = "https://files.pythonhosted.org/packages/99/d7/f94154db29ab5a89d69ff893159b19ada89e76b915c1293e98603d39838c/regex-2024.11.6-cp310-cp310-musllinux_1_2_ppc64le.whl", hash = "sha256:fdabbfc59f2c6edba2a6622c647b716e34e8e3867e0ab975412c5c2f79b82da2", size = 839325 },
    { url = "https://files.pythonhosted.org/packages/f7/17/3cbfab1f23356fbbf07708220ab438a7efa1e0f34195bf857433f79f1788/regex-2024.11.6-cp310-cp310-musllinux_1_2_s390x.whl", hash = "sha256:8447d2d39b5abe381419319f942de20b7ecd60ce86f16a23b0698f22e1b70008", size = 843277 },
    { url = "https://files.pythonhosted.org/packages/7e/f2/48b393b51900456155de3ad001900f94298965e1cad1c772b87f9cfea011/regex-2024.11.6-cp310-cp310-musllinux_1_2_x86_64.whl", hash = "sha256:da8f5fc57d1933de22a9e23eec290a0d8a5927a5370d24bda9a6abe50683fe62", size = 773197 },
    { url = "https://files.pythonhosted.org/packages/45/3f/ef9589aba93e084cd3f8471fded352826dcae8489b650d0b9b27bc5bba8a/regex-2024.11.6-cp310-cp310-win32.whl", hash = "sha256:b489578720afb782f6ccf2840920f3a32e31ba28a4b162e13900c3e6bd3f930e", size = 261714 },
    { url = "https://files.pythonhosted.org/packages/42/7e/5f1b92c8468290c465fd50c5318da64319133231415a8aa6ea5ab995a815/regex-2024.11.6-cp310-cp310-win_amd64.whl", hash = "sha256:5071b2093e793357c9d8b2929dfc13ac5f0a6c650559503bb81189d0a3814519", size = 274042 },
    { url = "https://files.pythonhosted.org/packages/89/23/c4a86df398e57e26f93b13ae63acce58771e04bdde86092502496fa57f9c/regex-2024.11.6-cp39-cp39-macosx_10_9_universal2.whl", hash = "sha256:5704e174f8ccab2026bd2f1ab6c510345ae8eac818b613d7d73e785f1310f839", size = 482682 },
    { url = "https://files.pythonhosted.org/packages/3c/8b/45c24ab7a51a1658441b961b86209c43e6bb9d39caf1e63f46ce6ea03bc7/regex-2024.11.6-cp39-cp39-macosx_10_9_x86_64.whl", hash = "sha256:220902c3c5cc6af55d4fe19ead504de80eb91f786dc102fbd74894b1551f095e", size = 287679 },
    { url = "https://files.pythonhosted.org/packages/7a/d1/598de10b17fdafc452d11f7dada11c3be4e379a8671393e4e3da3c4070df/regex-2024.11.6-cp39-cp39-macosx_11_0_arm64.whl", hash = "sha256:5e7e351589da0850c125f1600a4c4ba3c722efefe16b297de54300f08d734fbf", size = 284578 },
    { url = "https://files.pythonhosted.org/packages/49/70/c7eaa219efa67a215846766fde18d92d54cb590b6a04ffe43cef30057622/regex-2024.11.6-cp39-cp39-manylinux_2_17_aarch64.manylinux2014_aarch64.whl", hash = "sha256:5056b185ca113c88e18223183aa1a50e66507769c9640a6ff75859619d73957b", size = 782012 },
    { url = "https://files.pythonhosted.org/packages/89/e5/ef52c7eb117dd20ff1697968219971d052138965a4d3d9b95e92e549f505/regex-2024.11.6-cp39-cp39-manylinux_2_17_ppc64le.manylinux2014_ppc64le.whl", hash = "sha256:2e34b51b650b23ed3354b5a07aab37034d9f923db2a40519139af34f485f77d0", size = 820580 },
    { url = "https://files.pythonhosted.org/packages/5f/3f/9f5da81aff1d4167ac52711acf789df13e789fe6ac9545552e49138e3282/regex-2024.11.6-cp39-cp39-manylinux_2_17_s390x.manylinux2014_s390x.whl", hash = "sha256:5670bce7b200273eee1840ef307bfa07cda90b38ae56e9a6ebcc9f50da9c469b", size = 809110 },
    { url = "https://files.pythonhosted.org/packages/86/44/2101cc0890c3621b90365c9ee8d7291a597c0722ad66eccd6ffa7f1bcc09/regex-2024.11.6-cp39-cp39-manylinux_2_17_x86_64.manylinux2014_x86_64.whl", hash = "sha256:08986dce1339bc932923e7d1232ce9881499a0e02925f7402fb7c982515419ef", size = 780919 },
    { url = "https://files.pythonhosted.org/packages/ce/2e/3e0668d8d1c7c3c0d397bf54d92fc182575b3a26939aed5000d3cc78760f/regex-2024.11.6-cp39-cp39-manylinux_2_5_i686.manylinux1_i686.manylinux_2_17_i686.manylinux2014_i686.whl", hash = "sha256:93c0b12d3d3bc25af4ebbf38f9ee780a487e8bf6954c115b9f015822d3bb8e48", size = 771515 },
    { url = "https://files.pythonhosted.org/packages/a6/49/1bc4584254355e3dba930a3a2fd7ad26ccba3ebbab7d9100db0aff2eedb0/regex-2024.11.6-cp39-cp39-manylinux_2_5_x86_64.manylinux1_x86_64.manylinux_2_12_x86_64.manylinux2010_x86_64.whl", hash = "sha256:764e71f22ab3b305e7f4c21f1a97e1526a25ebdd22513e251cf376760213da13", size = 696957 },
    { url = "https://files.pythonhosted.org/packages/c8/dd/42879c1fc8a37a887cd08e358af3d3ba9e23038cd77c7fe044a86d9450ba/regex-2024.11.6-cp39-cp39-musllinux_1_2_aarch64.whl", hash = "sha256:f056bf21105c2515c32372bbc057f43eb02aae2fda61052e2f7622c801f0b4e2", size = 768088 },
    { url = "https://files.pythonhosted.org/packages/89/96/c05a0fe173cd2acd29d5e13c1adad8b706bcaa71b169e1ee57dcf2e74584/regex-2024.11.6-cp39-cp39-musllinux_1_2_i686.whl", hash = "sha256:69ab78f848845569401469da20df3e081e6b5a11cb086de3eed1d48f5ed57c95", size = 774752 },
    { url = "https://files.pythonhosted.org/packages/b5/f3/a757748066255f97f14506483436c5f6aded7af9e37bca04ec30c90ca683/regex-2024.11.6-cp39-cp39-musllinux_1_2_ppc64le.whl", hash = "sha256:86fddba590aad9208e2fa8b43b4c098bb0ec74f15718bb6a704e3c63e2cef3e9", size = 838862 },
    { url = "https://files.pythonhosted.org/packages/5c/93/c6d2092fd479dcaeea40fc8fa673822829181ded77d294a7f950f1dda6e2/regex-2024.11.6-cp39-cp39-musllinux_1_2_s390x.whl", hash = "sha256:684d7a212682996d21ca12ef3c17353c021fe9de6049e19ac8481ec35574a70f", size = 842622 },
    { url = "https://files.pythonhosted.org/packages/ff/9c/daa99532c72f25051a90ef90e1413a8d54413a9e64614d9095b0c1c154d0/regex-2024.11.6-cp39-cp39-musllinux_1_2_x86_64.whl", hash = "sha256:a03e02f48cd1abbd9f3b7e3586d97c8f7a9721c436f51a5245b3b9483044480b", size = 772713 },
    { url = "https://files.pythonhosted.org/packages/13/5d/61a533ccb8c231b474ac8e3a7d70155b00dfc61af6cafdccd1947df6d735/regex-2024.11.6-cp39-cp39-win32.whl", hash = "sha256:41758407fc32d5c3c5de163888068cfee69cb4c2be844e7ac517a52770f9af57", size = 261756 },
    { url = "https://files.pythonhosted.org/packages/dc/7b/e59b7f7c91ae110d154370c24133f947262525b5d6406df65f23422acc17/regex-2024.11.6-cp39-cp39-win_amd64.whl", hash = "sha256:b2837718570f95dd41675328e111345f9b7095d821bac435aac173ac80b19983", size = 274110 },
]

[[package]]
name = "sqlfluff"
version = "3.4.0"
source = { registry = "https://pypi.org/simple" }
dependencies = [
    { name = "chardet" },
    { name = "click", version = "8.1.8", source = { registry = "https://pypi.org/simple" }, marker = "python_full_version < '3.10'" },
    { name = "click", version = "8.2.0", source = { registry = "https://pypi.org/simple" }, marker = "python_full_version >= '3.10'" },
    { name = "colorama" },
    { name = "diff-cover", version = "9.2.0", source = { registry = "https://pypi.org/simple" }, marker = "python_full_version < '3.9.17'" },
    { name = "diff-cover", version = "9.2.4", source = { registry = "https://pypi.org/simple" }, marker = "python_full_version >= '3.9.17'" },
    { name = "jinja2" },
    { name = "pathspec" },
    { name = "platformdirs" },
    { name = "pytest" },
    { name = "pyyaml" },
    { name = "regex" },
    { name = "tblib" },
    { name = "toml" },
    { name = "tqdm" },
]
sdist = { url = "https://files.pythonhosted.org/packages/37/9f/501f119821c8e1eaccf079a0f82428e84a3411bd6a2f7a418620689c769d/sqlfluff-3.4.0.tar.gz", hash = "sha256:6e1ea2d39b20cc791a1a009c234afaf043b448c7f2eb1c11551316fb41f36f47", size = 882079 }
wheels = [
    { url = "https://files.pythonhosted.org/packages/6c/c9/477317d2b9ebba9fbdc20190d7bc06c0e9d08dcf6ca3bdb87661df6ff8b7/sqlfluff-3.4.0-py3-none-any.whl", hash = "sha256:115e3f1bf1dc1318c58426ba3299eb682642cb67b5d12d9ea7c42b5e23aeabd6", size = 886362 },
]

[[package]]
name = "tableau-sql-parser"
version = "0.1.2"
source = { editable = "." }
dependencies = [
    { name = "lxml" },
    { name = "sqlfluff" },
]

[package.metadata]
requires-dist = [
    { name = "lxml", specifier = ">=5.4.0" },
    { name = "sqlfluff", specifier = ">=3.4.0" },
]

[[package]]
name = "tblib"
version = "3.1.0"
source = { registry = "https://pypi.org/simple" }
sdist = { url = "https://files.pythonhosted.org/packages/54/95/4b3044ec4bf248186769629bbfb495a458deb6e4c1f9eff7f298ae1e336e/tblib-3.1.0.tar.gz", hash = "sha256:06404c2c9f07f66fee2d7d6ad43accc46f9c3361714d9b8426e7f47e595cd652", size = 30766 }
wheels = [
    { url = "https://files.pythonhosted.org/packages/27/44/aa5c8b10b2cce7a053018e0d132bd58e27527a0243c4985383d5b6fd93e9/tblib-3.1.0-py3-none-any.whl", hash = "sha256:670bb4582578134b3d81a84afa1b016128b429f3d48e6cbbaecc9d15675e984e", size = 12552 },
]

[[package]]
name = "toml"
version = "0.10.2"
source = { registry = "https://pypi.org/simple" }
sdist = { url = "https://files.pythonhosted.org/packages/be/ba/1f744cdc819428fc6b5084ec34d9b30660f6f9daaf70eead706e3203ec3c/toml-0.10.2.tar.gz", hash = "sha256:b3bda1d108d5dd99f4a20d24d9c348e91c4db7ab1b749200bded2f839ccbe68f", size = 22253 }
wheels = [
    { url = "https://files.pythonhosted.org/packages/44/6f/7120676b6d73228c96e17f1f794d8ab046fc910d781c8d151120c3f1569e/toml-0.10.2-py2.py3-none-any.whl", hash = "sha256:806143ae5bfb6a3c6e736a764057db0e6a0e05e338b5630894a5f779cabb4f9b", size = 16588 },
]

[[package]]
name = "tomli"
version = "2.2.1"
source = { registry = "https://pypi.org/simple" }
sdist = { url = "https://files.pythonhosted.org/packages/18/87/302344fed471e44a87289cf4967697d07e532f2421fdaf868a303cbae4ff/tomli-2.2.1.tar.gz", hash = "sha256:cd45e1dc79c835ce60f7404ec8119f2eb06d38b1deba146f07ced3bbc44505ff", size = 17175 }
wheels = [
    { url = "https://files.pythonhosted.org/packages/6e/c2/61d3e0f47e2b74ef40a68b9e6ad5984f6241a942f7cd3bbfbdbd03861ea9/tomli-2.2.1-py3-none-any.whl", hash = "sha256:cb55c73c5f4408779d0cf3eef9f762b9c9f147a77de7b258bef0a5628adc85cc", size = 14257 },
]

[[package]]
name = "tqdm"
version = "4.67.1"
source = { registry = "https://pypi.org/simple" }
dependencies = [
    { name = "colorama", marker = "sys_platform == 'win32'" },
]
sdist = { url = "https://files.pythonhosted.org/packages/a8/4b/29b4ef32e036bb34e4ab51796dd745cdba7ed47ad142a9f4a1eb8e0c744d/tqdm-4.67.1.tar.gz", hash = "sha256:f8aef9c52c08c13a65f30ea34f4e5aac3fd1a34959879d7e59e63027286627f2", size = 169737 }
wheels = [
    { url = "https://files.pythonhosted.org/packages/d0/30/dc54f88dd4a2b5dc8a0279bdd7270e735851848b762aeb1c1184ed1f6b14/tqdm-4.67.1-py3-none-any.whl", hash = "sha256:26445eca388f82e72884e0d580d5464cd801a3ea01e63e5601bdff9ba6a48de2", size = 78540 },
]

[[package]]
name = "typing-extensions"
version = "4.13.2"
source = { registry = "https://pypi.org/simple" }
sdist = { url = "https://files.pythonhosted.org/packages/f6/37/23083fcd6e35492953e8d2aaaa68b860eb422b34627b13f2ce3eb6106061/typing_extensions-4.13.2.tar.gz", hash = "sha256:e6c81219bd689f51865d9e372991c540bda33a0379d5573cddb9a3a23f7caaef", size = 106967 }
wheels = [
    { url = "https://files.pythonhosted.org/packages/8b/54/b1ae86c0973cc6f0210b53d508ca3641fb6d0c56823f288d108bc7ab3cc8/typing_extensions-4.13.2-py3-none-any.whl", hash = "sha256:a439e7c04b49fec3e5d3e2beaa21755cadbbdc391694e28ccdd36ca4a1408f8c", size = 45806 },
]
